
Microsoft Visual Studio Solution File, Format Version 12.00
# Visual Studio Version 16
VisualStudioVersion = 16.0.30011.22
MinimumVisualStudioVersion = 10.0.40219.1
Project("{9A19103F-16F7-4668-BE54-9A1E7A4F7556}") = "CustomSorts", "CustomSorts\CustomSorts.csproj", "{0DB9BC52-5308-46F8-9F32-A3390CCB6834}"
EndProject
Project("{9A19103F-16F7-4668-BE54-9A1E7A4F7556}") = "SortAlgorithmsCore", "SortAlgorithmsCore\SortAlgorithmsCore.csproj", "{96591F60-FB18-46E0-BEB9-9B098CD67D68}"
EndProject
Global
	GlobalSection(SolutionConfigurationPlatforms) = preSolution
		Debug|Any CPU = Debug|Any CPU
		Release|Any CPU = Release|Any CPU
	EndGlobalSection
	GlobalSection(ProjectConfigurationPlatforms) = postSolution
		{0DB9BC52-5308-46F8-9F32-A3390CCB6834}.Debug|Any CPU.ActiveCfg = Debug|Any CPU
		{0DB9BC52-5308-46F8-9F32-A3390CCB6834}.Debug|Any CPU.Build.0 = Debug|Any CPU
		{0DB9BC52-5308-46F8-9F32-A3390CCB6834}.Release|Any CPU.ActiveCfg = Release|Any CPU
		{0DB9BC52-5308-46F8-9F32-A3390CCB6834}.Release|Any CPU.Build.0 = Release|Any CPU
		{96591F60-FB18-46E0-BEB9-9B098CD67D68}.Debug|Any CPU.ActiveCfg = Debug|Any CPU
		{96591F60-FB18-46E0-BEB9-9B098CD67D68}.Debug|Any CPU.Build.0 = Debug|Any CPU
		{96591F60-FB18-46E0-BEB9-9B098CD67D68}.Release|Any CPU.ActiveCfg = Release|Any CPU
		{96591F60-FB18-46E0-BEB9-9B098CD67D68}.Release|Any CPU.Build.0 = Release|Any CPU
	EndGlobalSection
	GlobalSection(SolutionProperties) = preSolution
		HideSolutionNode = FALSE
	EndGlobalSection
	GlobalSection(ExtensibilityGlobals) = postSolution
		SolutionGuid = {89F0B88C-33A3-4F10-88B7-8CFB6C1334D8}
	EndGlobalSection
EndGlobal
